
Microsoft Visual Studio Solution File, Format Version 12.00
# Visual Studio 14
VisualStudioVersion = 14.0.24720.0
MinimumVisualStudioVersion = 10.0.40219.1
Project("{2150E333-8FDC-42A3-9474-1A3956D46DE8}") = "Solution Items", "Solution Items", "{942A3183-B7A1-424C-9726-640EFDDD720C}"
	ProjectSection(SolutionItems) = preProject
		..\src\Configuration.cpp = ..\src\Configuration.cpp
		..\src\Configuration.hpp = ..\src\Configuration.hpp
		..\src\Database.cpp = ..\src\Database.cpp
		..\src\Database.hpp = ..\src\Database.hpp
		..\src\DNSPacket.cpp = ..\src\DNSPacket.cpp
		..\src\DNSPacket.hpp = ..\src\DNSPacket.hpp
		..\src\DNSPooler.cpp = ..\src\DNSPooler.cpp
		..\src\DNSPooler.hpp = ..\src\DNSPooler.hpp
		..\src\Domain.cpp = ..\src\Domain.cpp
		..\src\Domain.hpp = ..\src\Domain.hpp
		..\src\HTTPHandler.cpp = ..\src\HTTPHandler.cpp
		..\src\HTTPHandler.hpp = ..\src\HTTPHandler.hpp
		..\src\HTTPServer.cpp = ..\src\HTTPServer.cpp
		..\src\HTTPServer.hpp = ..\src\HTTPServer.hpp
		..\src\Logger.cpp = ..\src\Logger.cpp
		..\src\Logger.hpp = ..\src\Logger.hpp
		..\src\main.cpp = ..\src\main.cpp
		..\src\Socket.cpp = ..\src\Socket.cpp
		..\src\Socket.hpp = ..\src\Socket.hpp
		..\src\SocketAddress.cpp = ..\src\SocketAddress.cpp
		..\src\SocketAddress.hpp = ..\src\SocketAddress.hpp
		..\src\TCPSocket.cpp = ..\src\TCPSocket.cpp
		..\src\TCPSocket.hpp = ..\src\TCPSocket.hpp
		..\src\UDPSocket.cpp = ..\src\UDPSocket.cpp
		..\src\UDPSocket.hpp = ..\src\UDPSocket.hpp
		..\src\Util.cpp = ..\src\Util.cpp
		..\src\Util.hpp = ..\src\Util.hpp
	EndProjectSection
EndProject
Global
	GlobalSection(SolutionProperties) = preSolution
		HideSolutionNode = FALSE
	EndGlobalSection
EndGlobal
